
Microsoft Visual Studio Solution File, Format Version 12.00
# Visual Studio 15
VisualStudioVersion = 15.0.26730.16
MinimumVisualStudioVersion = 10.0.40219.1
Project("{FAE04EC0-301F-11D3-BF4B-00C04F79EFBC}") = "Mapster.JsonNet", "Mapster.JsonNet\Mapster.JsonNet.csproj", "{A79A97FE-2B25-4CF9-97A3-4C30A73854C4}"
EndProject
Project("{FAE04EC0-301F-11D3-BF4B-00C04F79EFBC}") = "Mapster.JsonNet.Tests", "Mapster.JsonNet.Tests\Mapster.JsonNet.Tests.csproj", "{4CF1F0CA-9822-492D-83F8-B1EB8BAADC5F}"
EndProject
Global
	GlobalSection(SolutionConfigurationPlatforms) = preSolution
		Debug|Any CPU = Debug|Any CPU
		Release|Any CPU = Release|Any CPU
	EndGlobalSection
	GlobalSection(ProjectConfigurationPlatforms) = postSolution
		{A79A97FE-2B25-4CF9-97A3-4C30A73854C4}.Debug|Any CPU.ActiveCfg = Debug|Any CPU
		{A79A97FE-2B25-4CF9-97A3-4C30A73854C4}.Debug|Any CPU.Build.0 = Debug|Any CPU
		{A79A97FE-2B25-4CF9-97A3-4C30A73854C4}.Release|Any CPU.ActiveCfg = Release|Any CPU
		{A79A97FE-2B25-4CF9-97A3-4C30A73854C4}.Release|Any CPU.Build.0 = Release|Any CPU
		{4CF1F0CA-9822-492D-83F8-B1EB8BAADC5F}.Debug|Any CPU.ActiveCfg = Debug|Any CPU
		{4CF1F0CA-9822-492D-83F8-B1EB8BAADC5F}.Debug|Any CPU.Build.0 = Debug|Any CPU
		{4CF1F0CA-9822-492D-83F8-B1EB8BAADC5F}.Release|Any CPU.ActiveCfg = Release|Any CPU
		{4CF1F0CA-9822-492D-83F8-B1EB8BAADC5F}.Release|Any CPU.Build.0 = Release|Any CPU
	EndGlobalSection
	GlobalSection(SolutionProperties) = preSolution
		HideSolutionNode = FALSE
	EndGlobalSection
	GlobalSection(ExtensibilityGlobals) = postSolution
		SolutionGuid = {270CD102-D5AB-4468-9685-85B1C7CD7612}
	EndGlobalSection
EndGlobal
